// !$*UTF8*$!
{
	archiveVersion = 1;
	classes = {
	};
	objectVersion = 46;
	objects = {

/* Begin PBXBuildFile section */
		38F2D3651D69D83E002170AE /* AppDelegate.swift in Sources */ = {isa = PBXBuildFile; fileRef = 38F2D3641D69D83E002170AE /* AppDelegate.swift */; };
		38F2D3671D69D83E002170AE /* ViewController.swift in Sources */ = {isa = PBXBuildFile; fileRef = 38F2D3661D69D83E002170AE /* ViewController.swift */; };
		38F2D36A1D69D83E002170AE /* Main.storyboard in Resources */ = {isa = PBXBuildFile; fileRef = 38F2D3681D69D83E002170AE /* Main.storyboard */; };
		38F2D36C1D69D83E002170AE /* Assets.xcassets in Resources */ = {isa = PBXBuildFile; fileRef = 38F2D36B1D69D83E002170AE /* Assets.xcassets */; };
		38F2D36F1D69D83E002170AE /* LaunchScreen.storyboard in Resources */ = {isa = PBXBuildFile; fileRef = 38F2D36D1D69D83E002170AE /* LaunchScreen.storyboard */; };
/* End PBXBuildFile section */

/* Begin PBXFileReference section */
		38F2D3611D69D83E002170AE /* ios-user-defaults.app */ = {isa = PBXFileReference; explicitFileType = wrapper.application; includeInIndex = 0; path = "ios-user-defaults.app"; sourceTree = BUILT_PRODUCTS_DIR; };
		38F2D3641D69D83E002170AE /* AppDelegate.swift */ = {isa = PBXFileReference; lastKnownFileType = sourcecode.swift; path = AppDelegate.swift; sourceTree = "<group>"; };
		38F2D3661D69D83E002170AE /* ViewController.swift */ = {isa = PBXFileReference; lastKnownFileType = sourcecode.swift; path = ViewController.swift; sourceTree = "<group>"; };
		38F2D3691D69D83E002170AE /* Base */ = {isa = PBXFileReference; lastKnownFileType = file.storyboard; name = Base; path = Base.lproj/Main.storyboard; sourceTree = "<group>"; };
		38F2D36B1D69D83E002170AE /* Assets.xcassets */ = {isa = PBXFileReference; lastKnownFileType = folder.assetcatalog; path = Assets.xcassets; sourceTree = "<group>"; };
		38F2D36E1D69D83E002170AE /* Base */ = {isa = PBXFileReference; lastKnownFileType = file.storyboard; name = Base; path = Base.lproj/LaunchScreen.storyboard; sourceTree = "<group>"; };
		38F2D3701D69D83E002170AE /* Info.plist */ = {isa = PBXFileReference; lastKnownFileType = text.plist.xml; path = Info.plist; sourceTree = "<group>"; };
/* End PBXFileReference section */

/* Begin PBXFrameworksBuildPhase section */
		38F2D35E1D69D83E002170AE /* Frameworks */ = {
			isa = PBXFrameworksBuildPhase;
			buildActionMask = 2147483647;
			files = (
			);
			runOnlyForDeploymentPostprocessing = 0;
		};
/* End PBXFrameworksBuildPhase section */

/* Begin PBXGroup section */
		38F2D3581D69D83E002170AE = {
			isa = PBXGroup;
			children = (
				38F2D3631D69D83E002170AE /* ios-user-defaults */,
				38F2D3621D69D83E002170AE /* Products */,
			);
			sourceTree = "<group>";
		};
		38F2D3621D69D83E002170AE /* Products */ = {
			isa = PBXGroup;
			children = (
				38F2D3611D69D83E002170AE /* ios-user-defaults.app */,
			);
			name = Products;
			sourceTree = "<group>";
		};
		38F2D3631D69D83E002170AE /* ios-user-defaults */ = {
			isa = PBXGroup;
			children = (
				38F2D3641D69D83E002170AE /* AppDelegate.swift */,
				38F2D3661D69D83E002170AE /* ViewController.swift */,
				38F2D3681D69D83E002170AE /* Main.storyboard */,
				38F2D36B1D69D83E002170AE /* Assets.xcassets */,
				38F2D36D1D69D83E002170AE /* LaunchScreen.storyboard */,
				38F2D3701D69D83E002170AE /* Info.plist */,
			);
			path = "ios-user-defaults";
			sourceTree = "<group>";
		};
/* End PBXGroup section */

/* Begin PBXNativeTarget section */
		38F2D3601D69D83E002170AE /* ios-user-defaults */ = {
			isa = PBXNativeTarget;
			buildConfigurationList = 38F2D3731D69D83E002170AE /* Build configuration list for PBXNativeTarget "ios-user-defaults" */;
			buildPhases = (
				38F2D35D1D69D83E002170AE /* Sources */,
				38F2D35E1D69D83E002170AE /* Frameworks */,
				38F2D35F1D69D83E002170AE /* Resources */,
			);
			buildRules = (
			);
			dependencies = (
			);
			name = "ios-user-defaults";
			productName = "ios-user-defaults";
			productReference = 38F2D3611D69D83E002170AE /* ios-user-defaults.app */;
			productType = "com.apple.product-type.application";
		};
/* End PBXNativeTarget section */

/* Begin PBXProject section */
		38F2D3591D69D83E002170AE /* Project object */ = {
			isa = PBXProject;
			attributes = {
				LastSwiftUpdateCheck = 0800;
				LastUpgradeCheck = 0810;
				ORGANIZATIONNAME = "Michael Kofler";
				TargetAttributes = {
					38F2D3601D69D83E002170AE = {
						CreatedOnToolsVersion = 8.0;
						DevelopmentTeam = BS3PP3JBPG;
						ProvisioningStyle = Automatic;
					};
				};
			};
			buildConfigurationList = 38F2D35C1D69D83E002170AE /* Build configuration list for PBXProject "ios-user-defaults" */;
			compatibilityVersion = "Xcode 3.2";
			developmentRegion = English;
			hasScannedForEncodings = 0;
			knownRegions = (
				en,
				Base,
			);
			mainGroup = 38F2D3581D69D83E002170AE;
			productRefGroup = 38F2D3621D69D83E002170AE /* Products */;
			projectDirPath = "";
			projectRoot = "";
			targets = (
				38F2D3601D69D83E002170AE /* ios-user-defaults */,
			);
		};
/* End PBXProject section */

/* Begin PBXResourcesBuildPhase section */
		38F2D35F1D69D83E002170AE /* Resources */ = {
			isa = PBXResourcesBuildPhase;
			buildActionMask = 2147483647;
			files = (
				38F2D36F1D69D83E002170AE /* LaunchScreen.storyboard in Resources */,
				38F2D36C1D69D83E002170AE /* Assets.xcassets in Resources */,
				38F2D36A1D69D83E002170AE /* Main.storyboard in Resources */,
			);
			runOnlyForDeploymentPostprocessing = 0;
		};
/* End PBXResourcesBuildPhase section */

/* Begin PBXSourcesBuildPhase section */
		38F2D35D1D69D83E002170AE /* Sources */ = {
			isa = PBXSourcesBuildPhase;
			buildActionMask = 2147483647;
			files = (
				38F2D3671D69D83E002170AE /* ViewController.swift in Sources */,
				38F2D3651D69D83E002170AE /* AppDelegate.swift in Sources */,
			);
			runOnlyForDeploymentPostprocessing = 0;
		};
/* End PBXSourcesBuildPhase section */

/* Begin PBXVariantGroup section */
		38F2D3681D69D83E002170AE /* Main.storyboard */ = {
			isa = PBXVariantGroup;
			children = (
				38F2D3691D69D83E002170AE /* Base */,
			);
			name = Main.storyboard;
			sourceTree = "<group>";
		};
		38F2D36D1D69D83E002170AE /* LaunchScreen.storyboard */ = {
			isa = PBXVariantGroup;
			children = (
				38F2D36E1D69D83E002170AE /* Base */,
			);
			name = LaunchScreen.storyboard;
			sourceTree = "<group>";
		};
/* End PBXVariantGroup section */

/* Begin XCBuildConfiguration section */
		38F2D3711D69D83E002170AE /* Debug */ = {
			isa = XCBuildConfiguration;
			buildSettings = {
				ALWAYS_SEARCH_USER_PATHS = NO;
				CLANG_ANALYZER_NONNULL = YES;
				CLANG_CXX_LANGUAGE_STANDARD = "gnu++0x";
				CLANG_CXX_LIBRARY = "libc++";
				CLANG_ENABLE_MODULES = YES;
				CLANG_ENABLE_OBJC_ARC = YES;
				CLANG_WARN_BOOL_CONVERSION = YES;
				CLANG_WARN_CONSTANT_CONVERSION = YES;
				CLANG_WARN_DIRECT_OBJC_ISA_USAGE = YES_ERROR;
				CLANG_WARN_DOCUMENTATION_COMMENTS = YES;
				CLANG_WARN_EMPTY_BODY = YES;
				CLANG_WARN_ENUM_CONVERSION = YES;
				CLANG_WARN_INFINITE_RECURSION = YES;
				CLANG_WARN_INT_CONVERSION = YES;
				CLANG_WARN_OBJC_ROOT_CLASS = YES_ERROR;
				CLANG_WARN_SUSPICIOUS_MOVE = YES;
				CLANG_WARN_SUSPICIOUS_MOVES = YES;
				CLANG_WARN_UNREACHABLE_CODE = YES;
				CLANG_WARN__DUPLICATE_METHOD_MATCH = YES;
				"CODE_SIGN_IDENTITY[sdk=iphoneos*]" = "iPhone Developer";
				COPY_PHASE_STRIP = NO;
				DEBUG_INFORMATION_FORMAT = dwarf;
				ENABLE_STRICT_OBJC_MSGSEND = YES;
				ENABLE_TESTABILITY = YES;
				GCC_C_LANGUAGE_STANDARD = gnu99;
				GCC_DYNAMIC_NO_PIC = NO;
				GCC_NO_COMMON_BLOCKS = YES;
				GCC_OPTIMIZATION_LEVEL = 0;
				GCC_PREPROCESSOR_DEFINITIONS = (
					"DEBUG=1",
					"$(inherited)",
				);
				GCC_WARN_64_TO_32_BIT_CONVERSION = YES;
				GCC_WARN_ABOUT_RETURN_TYPE = YES_ERROR;
				GCC_WARN_UNDECLARED_SELECTOR = YES;
				GCC_WARN_UNINITIALIZED_AUTOS = YES_AGGRESSIVE;
				GCC_WARN_UNUSED_FUNCTION = YES;
				GCC_WARN_UNUSED_VARIABLE = YES;
				IPHONEOS_DEPLOYMENT_TARGET = 10.0;
				MTL_ENABLE_DEBUG_INFO = YES;
				ONLY_ACTIVE_ARCH = YES;
				SDKROOT = iphoneos;
				SWIFT_ACTIVE_COMPILATION_CONDITIONS = DEBUG;
				SWIFT_OPTIMIZATION_LEVEL = "-Onone";
				TARGETED_DEVICE_FAMILY = "1,2";
			};
			name = Debug;
		};
		38F2D3721D69D83E002170AE /* Release */ = {
			isa = XCBuildConfiguration;
			buildSettings = {
				ALWAYS_SEARCH_USER_PATHS = NO;
				CLANG_ANALYZER_NONNULL = YES;
				CLANG_CXX_LANGUAGE_STANDARD = "gnu++0x";
				CLANG_CXX_LIBRARY = "libc++";
				CLANG_ENABLE_MODULES = YES;
				CLANG_ENABLE_OBJC_ARC = YES;
				CLANG_WARN_BOOL_CONVERSION = YES;
				CLANG_WARN_CONSTANT_CONVERSION = YES;
				CLANG_WARN_DIRECT_OBJC_ISA_USAGE = YES_ERROR;
				CLANG_WARN_DOCUMENTATION_COMMENTS = YES;
				CLANG_WARN_EMPTY_BODY = YES;
				CLANG_WARN_ENUM_CONVERSION = YES;
				CLANG_WARN_INFINITE_RECURSION = YES;
				CLANG_WARN_INT_CONVERSION = YES;
				CLANG_WARN_OBJC_ROOT_CLASS = YES_ERROR;
				CLANG_WARN_SUSPICIOUS_MOVE = YES;
				CLANG_WARN_SUSPICIOUS_MOVES = YES;
				CLANG_WARN_UNREACHABLE_CODE = YES;
				CLANG_WARN__DUPLICATE_METHOD_MATCH = YES;
				"CODE_SIGN_IDENTITY[sdk=iphoneos*]" = "iPhone Developer";
				COPY_PHASE_STRIP = NO;
				DEBUG_INFORMATION_FORMAT = "dwarf-with-dsym";
				ENABLE_NS_ASSERTIONS = NO;
				ENABLE_STRICT_OBJC_MSGSEND = YES;
				GCC_C_LANGUAGE_STANDARD = gnu99;
				GCC_NO_COMMON_BLOCKS = YES;
				GCC_WARN_64_TO_32_BIT_CONVERSION = YES;
				GCC_WARN_ABOUT_RETURN_TYPE = YES_ERROR;
				GCC_WARN_UNDECLARED_SELECTOR = YES;
				GCC_WARN_UNINITIALIZED_AUTOS = YES_AGGRESSIVE;
				GCC_WARN_UNUSED_FUNCTION = YES;
				GCC_WARN_UNUSED_VARIABLE = YES;
				IPHONEOS_DEPLOYMENT_TARGET = 10.0;
				MTL_ENABLE_DEBUG_INFO = NO;
				SDKROOT = iphoneos;
				SWIFT_OPTIMIZATION_LEVEL = "-Owholemodule";
				TARGETED_DEVICE_FAMILY = "1,2";
				VALIDATE_PRODUCT = YES;
			};
			name = Release;
		};
		38F2D3741D69D83E002170AE /* Debug */ = {
			isa = XCBuildConfiguration;
			buildSettings = {
				ASSETCATALOG_COMPILER_APPICON_NAME = AppIcon;
				DEVELOPMENT_TEAM = BS3PP3JBPG;
				INFOPLIST_FILE = "ios-user-defaults/Info.plist";
				LD_RUNPATH_SEARCH_PATHS = "$(inherited) @executable_path/Frameworks";
				PRODUCT_BUNDLE_IDENTIFIER = "info.kofler.ios-user-defaults";
				PRODUCT_NAME = "$(TARGET_NAME)";
				SWIFT_VERSION = 3.0;
			};
			name = Debug;
		};
		38F2D3751D69D83E002170AE /* Release */ = {
			isa = XCBuildConfiguration;
			buildSettings = {
				ASSETCATALOG_COMPILER_APPICON_NAME = AppIcon;
				DEVELOPMENT_TEAM = BS3PP3JBPG;
				INFOPLIST_FILE = "ios-user-defaults/Info.plist";
				LD_RUNPATH_SEARCH_PATHS = "$(inherited) @executable_path/Frameworks";
				PRODUCT_BUNDLE_IDENTIFIER = "info.kofler.ios-user-defaults";
				PRODUCT_NAME = "$(TARGET_NAME)";
				SWIFT_VERSION = 3.0;
			};
			name = Release;
		};
/* End XCBuildConfiguration section */

/* Begin XCConfigurationList section */
		38F2D35C1D69D83E002170AE /* Build configuration list for PBXProject "ios-user-defaults" */ = {
			isa = XCConfigurationList;
			buildConfigurations = (
				38F2D3711D69D83E002170AE /* Debug */,
				38F2D3721D69D83E002170AE /* Release */,
			);
			defaultConfigurationIsVisible = 0;
			defaultConfigurationName = Release;
		};
		38F2D3731D69D83E002170AE /* Build configuration list for PBXNativeTarget "ios-user-defaults" */ = {
			isa = XCConfigurationList;
			buildConfigurations = (
				38F2D3741D69D83E002170AE /* Debug */,
				38F2D3751D69D83E002170AE /* Release */,
			);
			defaultConfigurationIsVisible = 0;
			defaultConfigurationName = Release;
		};
/* End XCConfigurationList section */
	};
	rootObject = 38F2D3591D69D83E002170AE /* Project object */;
}
