// !$*UTF8*$!
{
	archiveVersion = 1;
	classes = {
	};
	objectVersion = 46;
	objects = {

/* Begin PBXBuildFile section */
		38C105141D6C49A900E9C4CF /* AppDelegate.swift in Sources */ = {isa = PBXBuildFile; fileRef = 38C105131D6C49A900E9C4CF /* AppDelegate.swift */; };
		38C105161D6C49A900E9C4CF /* ViewController.swift in Sources */ = {isa = PBXBuildFile; fileRef = 38C105151D6C49A900E9C4CF /* ViewController.swift */; };
		38C105181D6C49A900E9C4CF /* Assets.xcassets in Resources */ = {isa = PBXBuildFile; fileRef = 38C105171D6C49A900E9C4CF /* Assets.xcassets */; };
		38C1051B1D6C49A900E9C4CF /* Main.storyboard in Resources */ = {isa = PBXBuildFile; fileRef = 38C105191D6C49A900E9C4CF /* Main.storyboard */; };
/* End PBXBuildFile section */

/* Begin PBXFileReference section */
		38C105101D6C49A900E9C4CF /* macos-sandbox.app */ = {isa = PBXFileReference; explicitFileType = wrapper.application; includeInIndex = 0; path = "macos-sandbox.app"; sourceTree = BUILT_PRODUCTS_DIR; };
		38C105131D6C49A900E9C4CF /* AppDelegate.swift */ = {isa = PBXFileReference; lastKnownFileType = sourcecode.swift; path = AppDelegate.swift; sourceTree = "<group>"; };
		38C105151D6C49A900E9C4CF /* ViewController.swift */ = {isa = PBXFileReference; lastKnownFileType = sourcecode.swift; path = ViewController.swift; sourceTree = "<group>"; };
		38C105171D6C49A900E9C4CF /* Assets.xcassets */ = {isa = PBXFileReference; lastKnownFileType = folder.assetcatalog; path = Assets.xcassets; sourceTree = "<group>"; };
		38C1051A1D6C49A900E9C4CF /* Base */ = {isa = PBXFileReference; lastKnownFileType = file.storyboard; name = Base; path = Base.lproj/Main.storyboard; sourceTree = "<group>"; };
		38C1051C1D6C49A900E9C4CF /* Info.plist */ = {isa = PBXFileReference; lastKnownFileType = text.plist.xml; path = Info.plist; sourceTree = "<group>"; };
		38C105221D6C49B000E9C4CF /* macos-sandbox.entitlements */ = {isa = PBXFileReference; lastKnownFileType = text.plist.entitlements; path = "macos-sandbox.entitlements"; sourceTree = "<group>"; };
/* End PBXFileReference section */

/* Begin PBXFrameworksBuildPhase section */
		38C1050D1D6C49A900E9C4CF /* Frameworks */ = {
			isa = PBXFrameworksBuildPhase;
			buildActionMask = 2147483647;
			files = (
			);
			runOnlyForDeploymentPostprocessing = 0;
		};
/* End PBXFrameworksBuildPhase section */

/* Begin PBXGroup section */
		38C105071D6C49A900E9C4CF = {
			isa = PBXGroup;
			children = (
				38C105121D6C49A900E9C4CF /* macos-sandbox */,
				38C105111D6C49A900E9C4CF /* Products */,
			);
			sourceTree = "<group>";
		};
		38C105111D6C49A900E9C4CF /* Products */ = {
			isa = PBXGroup;
			children = (
				38C105101D6C49A900E9C4CF /* macos-sandbox.app */,
			);
			name = Products;
			sourceTree = "<group>";
		};
		38C105121D6C49A900E9C4CF /* macos-sandbox */ = {
			isa = PBXGroup;
			children = (
				38C105221D6C49B000E9C4CF /* macos-sandbox.entitlements */,
				38C105131D6C49A900E9C4CF /* AppDelegate.swift */,
				38C105151D6C49A900E9C4CF /* ViewController.swift */,
				38C105171D6C49A900E9C4CF /* Assets.xcassets */,
				38C105191D6C49A900E9C4CF /* Main.storyboard */,
				38C1051C1D6C49A900E9C4CF /* Info.plist */,
			);
			path = "macos-sandbox";
			sourceTree = "<group>";
		};
/* End PBXGroup section */

/* Begin PBXNativeTarget section */
		38C1050F1D6C49A900E9C4CF /* macos-sandbox */ = {
			isa = PBXNativeTarget;
			buildConfigurationList = 38C1051F1D6C49A900E9C4CF /* Build configuration list for PBXNativeTarget "macos-sandbox" */;
			buildPhases = (
				38C1050C1D6C49A900E9C4CF /* Sources */,
				38C1050D1D6C49A900E9C4CF /* Frameworks */,
				38C1050E1D6C49A900E9C4CF /* Resources */,
			);
			buildRules = (
			);
			dependencies = (
			);
			name = "macos-sandbox";
			productName = "macos-sandbox";
			productReference = 38C105101D6C49A900E9C4CF /* macos-sandbox.app */;
			productType = "com.apple.product-type.application";
		};
/* End PBXNativeTarget section */

/* Begin PBXProject section */
		38C105081D6C49A900E9C4CF /* Project object */ = {
			isa = PBXProject;
			attributes = {
				LastSwiftUpdateCheck = 0800;
				LastUpgradeCheck = 0810;
				ORGANIZATIONNAME = "Michael Kofler";
				TargetAttributes = {
					38C1050F1D6C49A900E9C4CF = {
						CreatedOnToolsVersion = 8.0;
						DevelopmentTeam = BS3PP3JBPG;
						ProvisioningStyle = Automatic;
						SystemCapabilities = {
							com.apple.Sandbox = {
								enabled = 1;
							};
						};
					};
				};
			};
			buildConfigurationList = 38C1050B1D6C49A900E9C4CF /* Build configuration list for PBXProject "macos-sandbox" */;
			compatibilityVersion = "Xcode 3.2";
			developmentRegion = English;
			hasScannedForEncodings = 0;
			knownRegions = (
				en,
				Base,
			);
			mainGroup = 38C105071D6C49A900E9C4CF;
			productRefGroup = 38C105111D6C49A900E9C4CF /* Products */;
			projectDirPath = "";
			projectRoot = "";
			targets = (
				38C1050F1D6C49A900E9C4CF /* macos-sandbox */,
			);
		};
/* End PBXProject section */

/* Begin PBXResourcesBuildPhase section */
		38C1050E1D6C49A900E9C4CF /* Resources */ = {
			isa = PBXResourcesBuildPhase;
			buildActionMask = 2147483647;
			files = (
				38C105181D6C49A900E9C4CF /* Assets.xcassets in Resources */,
				38C1051B1D6C49A900E9C4CF /* Main.storyboard in Resources */,
			);
			runOnlyForDeploymentPostprocessing = 0;
		};
/* End PBXResourcesBuildPhase section */

/* Begin PBXSourcesBuildPhase section */
		38C1050C1D6C49A900E9C4CF /* Sources */ = {
			isa = PBXSourcesBuildPhase;
			buildActionMask = 2147483647;
			files = (
				38C105161D6C49A900E9C4CF /* ViewController.swift in Sources */,
				38C105141D6C49A900E9C4CF /* AppDelegate.swift in Sources */,
			);
			runOnlyForDeploymentPostprocessing = 0;
		};
/* End PBXSourcesBuildPhase section */

/* Begin PBXVariantGroup section */
		38C105191D6C49A900E9C4CF /* Main.storyboard */ = {
			isa = PBXVariantGroup;
			children = (
				38C1051A1D6C49A900E9C4CF /* Base */,
			);
			name = Main.storyboard;
			sourceTree = "<group>";
		};
/* End PBXVariantGroup section */

/* Begin XCBuildConfiguration section */
		38C1051D1D6C49A900E9C4CF /* Debug */ = {
			isa = XCBuildConfiguration;
			buildSettings = {
				ALWAYS_SEARCH_USER_PATHS = NO;
				CLANG_ANALYZER_NONNULL = YES;
				CLANG_CXX_LANGUAGE_STANDARD = "gnu++0x";
				CLANG_CXX_LIBRARY = "libc++";
				CLANG_ENABLE_MODULES = YES;
				CLANG_ENABLE_OBJC_ARC = YES;
				CLANG_WARN_BOOL_CONVERSION = YES;
				CLANG_WARN_CONSTANT_CONVERSION = YES;
				CLANG_WARN_DIRECT_OBJC_ISA_USAGE = YES_ERROR;
				CLANG_WARN_DOCUMENTATION_COMMENTS = YES;
				CLANG_WARN_EMPTY_BODY = YES;
				CLANG_WARN_ENUM_CONVERSION = YES;
				CLANG_WARN_INFINITE_RECURSION = YES;
				CLANG_WARN_INT_CONVERSION = YES;
				CLANG_WARN_OBJC_ROOT_CLASS = YES_ERROR;
				CLANG_WARN_SUSPICIOUS_MOVE = YES;
				CLANG_WARN_SUSPICIOUS_MOVES = YES;
				CLANG_WARN_UNREACHABLE_CODE = YES;
				CLANG_WARN__DUPLICATE_METHOD_MATCH = YES;
				CODE_SIGN_IDENTITY = "-";
				COPY_PHASE_STRIP = NO;
				DEBUG_INFORMATION_FORMAT = dwarf;
				ENABLE_STRICT_OBJC_MSGSEND = YES;
				ENABLE_TESTABILITY = YES;
				GCC_C_LANGUAGE_STANDARD = gnu99;
				GCC_DYNAMIC_NO_PIC = NO;
				GCC_NO_COMMON_BLOCKS = YES;
				GCC_OPTIMIZATION_LEVEL = 0;
				GCC_PREPROCESSOR_DEFINITIONS = (
					"DEBUG=1",
					"$(inherited)",
				);
				GCC_WARN_64_TO_32_BIT_CONVERSION = YES;
				GCC_WARN_ABOUT_RETURN_TYPE = YES_ERROR;
				GCC_WARN_UNDECLARED_SELECTOR = YES;
				GCC_WARN_UNINITIALIZED_AUTOS = YES_AGGRESSIVE;
				GCC_WARN_UNUSED_FUNCTION = YES;
				GCC_WARN_UNUSED_VARIABLE = YES;
				MACOSX_DEPLOYMENT_TARGET = 10.11;
				MTL_ENABLE_DEBUG_INFO = YES;
				ONLY_ACTIVE_ARCH = YES;
				SDKROOT = macosx;
				SWIFT_ACTIVE_COMPILATION_CONDITIONS = DEBUG;
				SWIFT_OPTIMIZATION_LEVEL = "-Onone";
			};
			name = Debug;
		};
		38C1051E1D6C49A900E9C4CF /* Release */ = {
			isa = XCBuildConfiguration;
			buildSettings = {
				ALWAYS_SEARCH_USER_PATHS = NO;
				CLANG_ANALYZER_NONNULL = YES;
				CLANG_CXX_LANGUAGE_STANDARD = "gnu++0x";
				CLANG_CXX_LIBRARY = "libc++";
				CLANG_ENABLE_MODULES = YES;
				CLANG_ENABLE_OBJC_ARC = YES;
				CLANG_WARN_BOOL_CONVERSION = YES;
				CLANG_WARN_CONSTANT_CONVERSION = YES;
				CLANG_WARN_DIRECT_OBJC_ISA_USAGE = YES_ERROR;
				CLANG_WARN_DOCUMENTATION_COMMENTS = YES;
				CLANG_WARN_EMPTY_BODY = YES;
				CLANG_WARN_ENUM_CONVERSION = YES;
				CLANG_WARN_INFINITE_RECURSION = YES;
				CLANG_WARN_INT_CONVERSION = YES;
				CLANG_WARN_OBJC_ROOT_CLASS = YES_ERROR;
				CLANG_WARN_SUSPICIOUS_MOVE = YES;
				CLANG_WARN_SUSPICIOUS_MOVES = YES;
				CLANG_WARN_UNREACHABLE_CODE = YES;
				CLANG_WARN__DUPLICATE_METHOD_MATCH = YES;
				CODE_SIGN_IDENTITY = "-";
				COPY_PHASE_STRIP = NO;
				DEBUG_INFORMATION_FORMAT = "dwarf-with-dsym";
				ENABLE_NS_ASSERTIONS = NO;
				ENABLE_STRICT_OBJC_MSGSEND = YES;
				GCC_C_LANGUAGE_STANDARD = gnu99;
				GCC_NO_COMMON_BLOCKS = YES;
				GCC_WARN_64_TO_32_BIT_CONVERSION = YES;
				GCC_WARN_ABOUT_RETURN_TYPE = YES_ERROR;
				GCC_WARN_UNDECLARED_SELECTOR = YES;
				GCC_WARN_UNINITIALIZED_AUTOS = YES_AGGRESSIVE;
				GCC_WARN_UNUSED_FUNCTION = YES;
				GCC_WARN_UNUSED_VARIABLE = YES;
				MACOSX_DEPLOYMENT_TARGET = 10.11;
				MTL_ENABLE_DEBUG_INFO = NO;
				SDKROOT = macosx;
				SWIFT_OPTIMIZATION_LEVEL = "-Owholemodule";
			};
			name = Release;
		};
		38C105201D6C49A900E9C4CF /* Debug */ = {
			isa = XCBuildConfiguration;
			buildSettings = {
				ASSETCATALOG_COMPILER_APPICON_NAME = AppIcon;
				CODE_SIGN_ENTITLEMENTS = "macos-sandbox/macos-sandbox.entitlements";
				COMBINE_HIDPI_IMAGES = YES;
				DEVELOPMENT_TEAM = BS3PP3JBPG;
				INFOPLIST_FILE = "macos-sandbox/Info.plist";
				LD_RUNPATH_SEARCH_PATHS = "$(inherited) @executable_path/../Frameworks";
				PRODUCT_BUNDLE_IDENTIFIER = "info.kofler.macos-sandbox";
				PRODUCT_NAME = "$(TARGET_NAME)";
				SWIFT_VERSION = 3.0;
			};
			name = Debug;
		};
		38C105211D6C49A900E9C4CF /* Release */ = {
			isa = XCBuildConfiguration;
			buildSettings = {
				ASSETCATALOG_COMPILER_APPICON_NAME = AppIcon;
				CODE_SIGN_ENTITLEMENTS = "macos-sandbox/macos-sandbox.entitlements";
				COMBINE_HIDPI_IMAGES = YES;
				DEVELOPMENT_TEAM = BS3PP3JBPG;
				INFOPLIST_FILE = "macos-sandbox/Info.plist";
				LD_RUNPATH_SEARCH_PATHS = "$(inherited) @executable_path/../Frameworks";
				PRODUCT_BUNDLE_IDENTIFIER = "info.kofler.macos-sandbox";
				PRODUCT_NAME = "$(TARGET_NAME)";
				SWIFT_VERSION = 3.0;
			};
			name = Release;
		};
/* End XCBuildConfiguration section */

/* Begin XCConfigurationList section */
		38C1050B1D6C49A900E9C4CF /* Build configuration list for PBXProject "macos-sandbox" */ = {
			isa = XCConfigurationList;
			buildConfigurations = (
				38C1051D1D6C49A900E9C4CF /* Debug */,
				38C1051E1D6C49A900E9C4CF /* Release */,
			);
			defaultConfigurationIsVisible = 0;
			defaultConfigurationName = Release;
		};
		38C1051F1D6C49A900E9C4CF /* Build configuration list for PBXNativeTarget "macos-sandbox" */ = {
			isa = XCConfigurationList;
			buildConfigurations = (
				38C105201D6C49A900E9C4CF /* Debug */,
				38C105211D6C49A900E9C4CF /* Release */,
			);
			defaultConfigurationIsVisible = 0;
			defaultConfigurationName = Release;
		};
/* End XCConfigurationList section */
	};
	rootObject = 38C105081D6C49A900E9C4CF /* Project object */;
}
