// !$*UTF8*$!
{
	archiveVersion = 1;
	classes = {
	};
	objectVersion = 46;
	objects = {

/* Begin PBXBuildFile section */
		384EC9091DA4FC55009198C0 /* AppDelegate.swift in Sources */ = {isa = PBXBuildFile; fileRef = 384EC9081DA4FC55009198C0 /* AppDelegate.swift */; };
		384EC90B1DA4FC55009198C0 /* ViewController.swift in Sources */ = {isa = PBXBuildFile; fileRef = 384EC90A1DA4FC55009198C0 /* ViewController.swift */; };
		384EC90E1DA4FC55009198C0 /* Main.storyboard in Resources */ = {isa = PBXBuildFile; fileRef = 384EC90C1DA4FC55009198C0 /* Main.storyboard */; };
		384EC9101DA4FC55009198C0 /* Assets.xcassets in Resources */ = {isa = PBXBuildFile; fileRef = 384EC90F1DA4FC55009198C0 /* Assets.xcassets */; };
		384EC9131DA4FC55009198C0 /* LaunchScreen.storyboard in Resources */ = {isa = PBXBuildFile; fileRef = 384EC9111DA4FC55009198C0 /* LaunchScreen.storyboard */; };
/* End PBXBuildFile section */

/* Begin PBXFileReference section */
		384EC9051DA4FC55009198C0 /* ios-video.app */ = {isa = PBXFileReference; explicitFileType = wrapper.application; includeInIndex = 0; path = "ios-video.app"; sourceTree = BUILT_PRODUCTS_DIR; };
		384EC9081DA4FC55009198C0 /* AppDelegate.swift */ = {isa = PBXFileReference; lastKnownFileType = sourcecode.swift; path = AppDelegate.swift; sourceTree = "<group>"; };
		384EC90A1DA4FC55009198C0 /* ViewController.swift */ = {isa = PBXFileReference; lastKnownFileType = sourcecode.swift; path = ViewController.swift; sourceTree = "<group>"; };
		384EC90D1DA4FC55009198C0 /* Base */ = {isa = PBXFileReference; lastKnownFileType = file.storyboard; name = Base; path = Base.lproj/Main.storyboard; sourceTree = "<group>"; };
		384EC90F1DA4FC55009198C0 /* Assets.xcassets */ = {isa = PBXFileReference; lastKnownFileType = folder.assetcatalog; path = Assets.xcassets; sourceTree = "<group>"; };
		384EC9121DA4FC55009198C0 /* Base */ = {isa = PBXFileReference; lastKnownFileType = file.storyboard; name = Base; path = Base.lproj/LaunchScreen.storyboard; sourceTree = "<group>"; };
		384EC9141DA4FC55009198C0 /* Info.plist */ = {isa = PBXFileReference; lastKnownFileType = text.plist.xml; path = Info.plist; sourceTree = "<group>"; };
/* End PBXFileReference section */

/* Begin PBXFrameworksBuildPhase section */
		384EC9021DA4FC55009198C0 /* Frameworks */ = {
			isa = PBXFrameworksBuildPhase;
			buildActionMask = 2147483647;
			files = (
			);
			runOnlyForDeploymentPostprocessing = 0;
		};
/* End PBXFrameworksBuildPhase section */

/* Begin PBXGroup section */
		384EC8FC1DA4FC55009198C0 = {
			isa = PBXGroup;
			children = (
				384EC9071DA4FC55009198C0 /* ios-video */,
				384EC9061DA4FC55009198C0 /* Products */,
			);
			sourceTree = "<group>";
		};
		384EC9061DA4FC55009198C0 /* Products */ = {
			isa = PBXGroup;
			children = (
				384EC9051DA4FC55009198C0 /* ios-video.app */,
			);
			name = Products;
			sourceTree = "<group>";
		};
		384EC9071DA4FC55009198C0 /* ios-video */ = {
			isa = PBXGroup;
			children = (
				384EC90C1DA4FC55009198C0 /* Main.storyboard */,
				384EC90A1DA4FC55009198C0 /* ViewController.swift */,
				384EC91A1DA4FC5C009198C0 /* other */,
			);
			path = "ios-video";
			sourceTree = "<group>";
		};
		384EC91A1DA4FC5C009198C0 /* other */ = {
			isa = PBXGroup;
			children = (
				384EC90F1DA4FC55009198C0 /* Assets.xcassets */,
				384EC9081DA4FC55009198C0 /* AppDelegate.swift */,
				384EC9141DA4FC55009198C0 /* Info.plist */,
				384EC9111DA4FC55009198C0 /* LaunchScreen.storyboard */,
			);
			name = other;
			sourceTree = "<group>";
		};
/* End PBXGroup section */

/* Begin PBXNativeTarget section */
		384EC9041DA4FC55009198C0 /* ios-video */ = {
			isa = PBXNativeTarget;
			buildConfigurationList = 384EC9171DA4FC55009198C0 /* Build configuration list for PBXNativeTarget "ios-video" */;
			buildPhases = (
				384EC9011DA4FC55009198C0 /* Sources */,
				384EC9021DA4FC55009198C0 /* Frameworks */,
				384EC9031DA4FC55009198C0 /* Resources */,
			);
			buildRules = (
			);
			dependencies = (
			);
			name = "ios-video";
			productName = "ios-video";
			productReference = 384EC9051DA4FC55009198C0 /* ios-video.app */;
			productType = "com.apple.product-type.application";
		};
/* End PBXNativeTarget section */

/* Begin PBXProject section */
		384EC8FD1DA4FC55009198C0 /* Project object */ = {
			isa = PBXProject;
			attributes = {
				LastSwiftUpdateCheck = 0800;
				LastUpgradeCheck = 0810;
				ORGANIZATIONNAME = "Michael Kofler";
				TargetAttributes = {
					384EC9041DA4FC55009198C0 = {
						CreatedOnToolsVersion = 8.0;
						DevelopmentTeam = BS3PP3JBPG;
						ProvisioningStyle = Automatic;
					};
				};
			};
			buildConfigurationList = 384EC9001DA4FC55009198C0 /* Build configuration list for PBXProject "ios-video" */;
			compatibilityVersion = "Xcode 3.2";
			developmentRegion = English;
			hasScannedForEncodings = 0;
			knownRegions = (
				en,
				Base,
			);
			mainGroup = 384EC8FC1DA4FC55009198C0;
			productRefGroup = 384EC9061DA4FC55009198C0 /* Products */;
			projectDirPath = "";
			projectRoot = "";
			targets = (
				384EC9041DA4FC55009198C0 /* ios-video */,
			);
		};
/* End PBXProject section */

/* Begin PBXResourcesBuildPhase section */
		384EC9031DA4FC55009198C0 /* Resources */ = {
			isa = PBXResourcesBuildPhase;
			buildActionMask = 2147483647;
			files = (
				384EC9131DA4FC55009198C0 /* LaunchScreen.storyboard in Resources */,
				384EC9101DA4FC55009198C0 /* Assets.xcassets in Resources */,
				384EC90E1DA4FC55009198C0 /* Main.storyboard in Resources */,
			);
			runOnlyForDeploymentPostprocessing = 0;
		};
/* End PBXResourcesBuildPhase section */

/* Begin PBXSourcesBuildPhase section */
		384EC9011DA4FC55009198C0 /* Sources */ = {
			isa = PBXSourcesBuildPhase;
			buildActionMask = 2147483647;
			files = (
				384EC90B1DA4FC55009198C0 /* ViewController.swift in Sources */,
				384EC9091DA4FC55009198C0 /* AppDelegate.swift in Sources */,
			);
			runOnlyForDeploymentPostprocessing = 0;
		};
/* End PBXSourcesBuildPhase section */

/* Begin PBXVariantGroup section */
		384EC90C1DA4FC55009198C0 /* Main.storyboard */ = {
			isa = PBXVariantGroup;
			children = (
				384EC90D1DA4FC55009198C0 /* Base */,
			);
			name = Main.storyboard;
			sourceTree = "<group>";
		};
		384EC9111DA4FC55009198C0 /* LaunchScreen.storyboard */ = {
			isa = PBXVariantGroup;
			children = (
				384EC9121DA4FC55009198C0 /* Base */,
			);
			name = LaunchScreen.storyboard;
			sourceTree = "<group>";
		};
/* End PBXVariantGroup section */

/* Begin XCBuildConfiguration section */
		384EC9151DA4FC55009198C0 /* Debug */ = {
			isa = XCBuildConfiguration;
			buildSettings = {
				ALWAYS_SEARCH_USER_PATHS = NO;
				CLANG_ANALYZER_NONNULL = YES;
				CLANG_CXX_LANGUAGE_STANDARD = "gnu++0x";
				CLANG_CXX_LIBRARY = "libc++";
				CLANG_ENABLE_MODULES = YES;
				CLANG_ENABLE_OBJC_ARC = YES;
				CLANG_WARN_BOOL_CONVERSION = YES;
				CLANG_WARN_CONSTANT_CONVERSION = YES;
				CLANG_WARN_DIRECT_OBJC_ISA_USAGE = YES_ERROR;
				CLANG_WARN_DOCUMENTATION_COMMENTS = YES;
				CLANG_WARN_EMPTY_BODY = YES;
				CLANG_WARN_ENUM_CONVERSION = YES;
				CLANG_WARN_INFINITE_RECURSION = YES;
				CLANG_WARN_INT_CONVERSION = YES;
				CLANG_WARN_OBJC_ROOT_CLASS = YES_ERROR;
				CLANG_WARN_SUSPICIOUS_MOVE = YES;
				CLANG_WARN_SUSPICIOUS_MOVES = YES;
				CLANG_WARN_UNREACHABLE_CODE = YES;
				CLANG_WARN__DUPLICATE_METHOD_MATCH = YES;
				"CODE_SIGN_IDENTITY[sdk=iphoneos*]" = "iPhone Developer";
				COPY_PHASE_STRIP = NO;
				DEBUG_INFORMATION_FORMAT = dwarf;
				ENABLE_STRICT_OBJC_MSGSEND = YES;
				ENABLE_TESTABILITY = YES;
				GCC_C_LANGUAGE_STANDARD = gnu99;
				GCC_DYNAMIC_NO_PIC = NO;
				GCC_NO_COMMON_BLOCKS = YES;
				GCC_OPTIMIZATION_LEVEL = 0;
				GCC_PREPROCESSOR_DEFINITIONS = (
					"DEBUG=1",
					"$(inherited)",
				);
				GCC_WARN_64_TO_32_BIT_CONVERSION = YES;
				GCC_WARN_ABOUT_RETURN_TYPE = YES_ERROR;
				GCC_WARN_UNDECLARED_SELECTOR = YES;
				GCC_WARN_UNINITIALIZED_AUTOS = YES_AGGRESSIVE;
				GCC_WARN_UNUSED_FUNCTION = YES;
				GCC_WARN_UNUSED_VARIABLE = YES;
				IPHONEOS_DEPLOYMENT_TARGET = 10.0;
				MTL_ENABLE_DEBUG_INFO = YES;
				ONLY_ACTIVE_ARCH = YES;
				SDKROOT = iphoneos;
				SWIFT_ACTIVE_COMPILATION_CONDITIONS = DEBUG;
				SWIFT_OPTIMIZATION_LEVEL = "-Onone";
				TARGETED_DEVICE_FAMILY = "1,2";
			};
			name = Debug;
		};
		384EC9161DA4FC55009198C0 /* Release */ = {
			isa = XCBuildConfiguration;
			buildSettings = {
				ALWAYS_SEARCH_USER_PATHS = NO;
				CLANG_ANALYZER_NONNULL = YES;
				CLANG_CXX_LANGUAGE_STANDARD = "gnu++0x";
				CLANG_CXX_LIBRARY = "libc++";
				CLANG_ENABLE_MODULES = YES;
				CLANG_ENABLE_OBJC_ARC = YES;
				CLANG_WARN_BOOL_CONVERSION = YES;
				CLANG_WARN_CONSTANT_CONVERSION = YES;
				CLANG_WARN_DIRECT_OBJC_ISA_USAGE = YES_ERROR;
				CLANG_WARN_DOCUMENTATION_COMMENTS = YES;
				CLANG_WARN_EMPTY_BODY = YES;
				CLANG_WARN_ENUM_CONVERSION = YES;
				CLANG_WARN_INFINITE_RECURSION = YES;
				CLANG_WARN_INT_CONVERSION = YES;
				CLANG_WARN_OBJC_ROOT_CLASS = YES_ERROR;
				CLANG_WARN_SUSPICIOUS_MOVE = YES;
				CLANG_WARN_SUSPICIOUS_MOVES = YES;
				CLANG_WARN_UNREACHABLE_CODE = YES;
				CLANG_WARN__DUPLICATE_METHOD_MATCH = YES;
				"CODE_SIGN_IDENTITY[sdk=iphoneos*]" = "iPhone Developer";
				COPY_PHASE_STRIP = NO;
				DEBUG_INFORMATION_FORMAT = "dwarf-with-dsym";
				ENABLE_NS_ASSERTIONS = NO;
				ENABLE_STRICT_OBJC_MSGSEND = YES;
				GCC_C_LANGUAGE_STANDARD = gnu99;
				GCC_NO_COMMON_BLOCKS = YES;
				GCC_WARN_64_TO_32_BIT_CONVERSION = YES;
				GCC_WARN_ABOUT_RETURN_TYPE = YES_ERROR;
				GCC_WARN_UNDECLARED_SELECTOR = YES;
				GCC_WARN_UNINITIALIZED_AUTOS = YES_AGGRESSIVE;
				GCC_WARN_UNUSED_FUNCTION = YES;
				GCC_WARN_UNUSED_VARIABLE = YES;
				IPHONEOS_DEPLOYMENT_TARGET = 10.0;
				MTL_ENABLE_DEBUG_INFO = NO;
				SDKROOT = iphoneos;
				SWIFT_OPTIMIZATION_LEVEL = "-Owholemodule";
				TARGETED_DEVICE_FAMILY = "1,2";
				VALIDATE_PRODUCT = YES;
			};
			name = Release;
		};
		384EC9181DA4FC55009198C0 /* Debug */ = {
			isa = XCBuildConfiguration;
			buildSettings = {
				ASSETCATALOG_COMPILER_APPICON_NAME = AppIcon;
				DEVELOPMENT_TEAM = BS3PP3JBPG;
				INFOPLIST_FILE = "ios-video/Info.plist";
				LD_RUNPATH_SEARCH_PATHS = "$(inherited) @executable_path/Frameworks";
				PRODUCT_BUNDLE_IDENTIFIER = "info.kofler.ios-video";
				PRODUCT_NAME = "$(TARGET_NAME)";
				SWIFT_VERSION = 3.0;
			};
			name = Debug;
		};
		384EC9191DA4FC55009198C0 /* Release */ = {
			isa = XCBuildConfiguration;
			buildSettings = {
				ASSETCATALOG_COMPILER_APPICON_NAME = AppIcon;
				DEVELOPMENT_TEAM = BS3PP3JBPG;
				INFOPLIST_FILE = "ios-video/Info.plist";
				LD_RUNPATH_SEARCH_PATHS = "$(inherited) @executable_path/Frameworks";
				PRODUCT_BUNDLE_IDENTIFIER = "info.kofler.ios-video";
				PRODUCT_NAME = "$(TARGET_NAME)";
				SWIFT_VERSION = 3.0;
			};
			name = Release;
		};
/* End XCBuildConfiguration section */

/* Begin XCConfigurationList section */
		384EC9001DA4FC55009198C0 /* Build configuration list for PBXProject "ios-video" */ = {
			isa = XCConfigurationList;
			buildConfigurations = (
				384EC9151DA4FC55009198C0 /* Debug */,
				384EC9161DA4FC55009198C0 /* Release */,
			);
			defaultConfigurationIsVisible = 0;
			defaultConfigurationName = Release;
		};
		384EC9171DA4FC55009198C0 /* Build configuration list for PBXNativeTarget "ios-video" */ = {
			isa = XCConfigurationList;
			buildConfigurations = (
				384EC9181DA4FC55009198C0 /* Debug */,
				384EC9191DA4FC55009198C0 /* Release */,
			);
			defaultConfigurationIsVisible = 0;
			defaultConfigurationName = Release;
		};
/* End XCConfigurationList section */
	};
	rootObject = 384EC8FD1DA4FC55009198C0 /* Project object */;
}
