// !$*UTF8*$!
{
	archiveVersion = 1;
	classes = {
	};
	objectVersion = 46;
	objects = {

/* Begin PBXBuildFile section */
		3871929B1D6F34B500150559 /* AppDelegate.swift in Sources */ = {isa = PBXBuildFile; fileRef = 3871929A1D6F34B500150559 /* AppDelegate.swift */; };
		3871929D1D6F34B500150559 /* ViewController.swift in Sources */ = {isa = PBXBuildFile; fileRef = 3871929C1D6F34B500150559 /* ViewController.swift */; };
		387192A01D6F34B500150559 /* Main.storyboard in Resources */ = {isa = PBXBuildFile; fileRef = 3871929E1D6F34B500150559 /* Main.storyboard */; };
		387192A21D6F34B500150559 /* Assets.xcassets in Resources */ = {isa = PBXBuildFile; fileRef = 387192A11D6F34B500150559 /* Assets.xcassets */; };
		387192A51D6F34B500150559 /* LaunchScreen.storyboard in Resources */ = {isa = PBXBuildFile; fileRef = 387192A31D6F34B500150559 /* LaunchScreen.storyboard */; };
		387192AD1D6F363400150559 /* MyView.swift in Sources */ = {isa = PBXBuildFile; fileRef = 387192AC1D6F363400150559 /* MyView.swift */; };
/* End PBXBuildFile section */

/* Begin PBXFileReference section */
		387192971D6F34B500150559 /* ios-grafik.app */ = {isa = PBXFileReference; explicitFileType = wrapper.application; includeInIndex = 0; path = "ios-grafik.app"; sourceTree = BUILT_PRODUCTS_DIR; };
		3871929A1D6F34B500150559 /* AppDelegate.swift */ = {isa = PBXFileReference; lastKnownFileType = sourcecode.swift; path = AppDelegate.swift; sourceTree = "<group>"; };
		3871929C1D6F34B500150559 /* ViewController.swift */ = {isa = PBXFileReference; lastKnownFileType = sourcecode.swift; path = ViewController.swift; sourceTree = "<group>"; };
		3871929F1D6F34B500150559 /* Base */ = {isa = PBXFileReference; lastKnownFileType = file.storyboard; name = Base; path = Base.lproj/Main.storyboard; sourceTree = "<group>"; };
		387192A11D6F34B500150559 /* Assets.xcassets */ = {isa = PBXFileReference; lastKnownFileType = folder.assetcatalog; path = Assets.xcassets; sourceTree = "<group>"; };
		387192A41D6F34B500150559 /* Base */ = {isa = PBXFileReference; lastKnownFileType = file.storyboard; name = Base; path = Base.lproj/LaunchScreen.storyboard; sourceTree = "<group>"; };
		387192A61D6F34B500150559 /* Info.plist */ = {isa = PBXFileReference; lastKnownFileType = text.plist.xml; path = Info.plist; sourceTree = "<group>"; };
		387192AC1D6F363400150559 /* MyView.swift */ = {isa = PBXFileReference; fileEncoding = 4; lastKnownFileType = sourcecode.swift; path = MyView.swift; sourceTree = "<group>"; };
/* End PBXFileReference section */

/* Begin PBXFrameworksBuildPhase section */
		387192941D6F34B500150559 /* Frameworks */ = {
			isa = PBXFrameworksBuildPhase;
			buildActionMask = 2147483647;
			files = (
			);
			runOnlyForDeploymentPostprocessing = 0;
		};
/* End PBXFrameworksBuildPhase section */

/* Begin PBXGroup section */
		3871928E1D6F34B500150559 = {
			isa = PBXGroup;
			children = (
				387192991D6F34B500150559 /* ios-grafik */,
				387192981D6F34B500150559 /* Products */,
			);
			sourceTree = "<group>";
		};
		387192981D6F34B500150559 /* Products */ = {
			isa = PBXGroup;
			children = (
				387192971D6F34B500150559 /* ios-grafik.app */,
			);
			name = Products;
			sourceTree = "<group>";
		};
		387192991D6F34B500150559 /* ios-grafik */ = {
			isa = PBXGroup;
			children = (
				3871929A1D6F34B500150559 /* AppDelegate.swift */,
				3871929C1D6F34B500150559 /* ViewController.swift */,
				3871929E1D6F34B500150559 /* Main.storyboard */,
				387192AC1D6F363400150559 /* MyView.swift */,
				387192A11D6F34B500150559 /* Assets.xcassets */,
				387192A31D6F34B500150559 /* LaunchScreen.storyboard */,
				387192A61D6F34B500150559 /* Info.plist */,
			);
			path = "ios-grafik";
			sourceTree = "<group>";
		};
/* End PBXGroup section */

/* Begin PBXNativeTarget section */
		387192961D6F34B500150559 /* ios-grafik */ = {
			isa = PBXNativeTarget;
			buildConfigurationList = 387192A91D6F34B500150559 /* Build configuration list for PBXNativeTarget "ios-grafik" */;
			buildPhases = (
				387192931D6F34B500150559 /* Sources */,
				387192941D6F34B500150559 /* Frameworks */,
				387192951D6F34B500150559 /* Resources */,
			);
			buildRules = (
			);
			dependencies = (
			);
			name = "ios-grafik";
			productName = "ios-grafik";
			productReference = 387192971D6F34B500150559 /* ios-grafik.app */;
			productType = "com.apple.product-type.application";
		};
/* End PBXNativeTarget section */

/* Begin PBXProject section */
		3871928F1D6F34B500150559 /* Project object */ = {
			isa = PBXProject;
			attributes = {
				LastSwiftUpdateCheck = 0800;
				LastUpgradeCheck = 0810;
				ORGANIZATIONNAME = "Michael Kofler";
				TargetAttributes = {
					387192961D6F34B500150559 = {
						CreatedOnToolsVersion = 8.0;
						DevelopmentTeam = BS3PP3JBPG;
						ProvisioningStyle = Automatic;
					};
				};
			};
			buildConfigurationList = 387192921D6F34B500150559 /* Build configuration list for PBXProject "ios-grafik" */;
			compatibilityVersion = "Xcode 3.2";
			developmentRegion = English;
			hasScannedForEncodings = 0;
			knownRegions = (
				en,
				Base,
			);
			mainGroup = 3871928E1D6F34B500150559;
			productRefGroup = 387192981D6F34B500150559 /* Products */;
			projectDirPath = "";
			projectRoot = "";
			targets = (
				387192961D6F34B500150559 /* ios-grafik */,
			);
		};
/* End PBXProject section */

/* Begin PBXResourcesBuildPhase section */
		387192951D6F34B500150559 /* Resources */ = {
			isa = PBXResourcesBuildPhase;
			buildActionMask = 2147483647;
			files = (
				387192A51D6F34B500150559 /* LaunchScreen.storyboard in Resources */,
				387192A21D6F34B500150559 /* Assets.xcassets in Resources */,
				387192A01D6F34B500150559 /* Main.storyboard in Resources */,
			);
			runOnlyForDeploymentPostprocessing = 0;
		};
/* End PBXResourcesBuildPhase section */

/* Begin PBXSourcesBuildPhase section */
		387192931D6F34B500150559 /* Sources */ = {
			isa = PBXSourcesBuildPhase;
			buildActionMask = 2147483647;
			files = (
				387192AD1D6F363400150559 /* MyView.swift in Sources */,
				3871929D1D6F34B500150559 /* ViewController.swift in Sources */,
				3871929B1D6F34B500150559 /* AppDelegate.swift in Sources */,
			);
			runOnlyForDeploymentPostprocessing = 0;
		};
/* End PBXSourcesBuildPhase section */

/* Begin PBXVariantGroup section */
		3871929E1D6F34B500150559 /* Main.storyboard */ = {
			isa = PBXVariantGroup;
			children = (
				3871929F1D6F34B500150559 /* Base */,
			);
			name = Main.storyboard;
			sourceTree = "<group>";
		};
		387192A31D6F34B500150559 /* LaunchScreen.storyboard */ = {
			isa = PBXVariantGroup;
			children = (
				387192A41D6F34B500150559 /* Base */,
			);
			name = LaunchScreen.storyboard;
			sourceTree = "<group>";
		};
/* End PBXVariantGroup section */

/* Begin XCBuildConfiguration section */
		387192A71D6F34B500150559 /* Debug */ = {
			isa = XCBuildConfiguration;
			buildSettings = {
				ALWAYS_SEARCH_USER_PATHS = NO;
				CLANG_ANALYZER_NONNULL = YES;
				CLANG_CXX_LANGUAGE_STANDARD = "gnu++0x";
				CLANG_CXX_LIBRARY = "libc++";
				CLANG_ENABLE_MODULES = YES;
				CLANG_ENABLE_OBJC_ARC = YES;
				CLANG_WARN_BOOL_CONVERSION = YES;
				CLANG_WARN_CONSTANT_CONVERSION = YES;
				CLANG_WARN_DIRECT_OBJC_ISA_USAGE = YES_ERROR;
				CLANG_WARN_DOCUMENTATION_COMMENTS = YES;
				CLANG_WARN_EMPTY_BODY = YES;
				CLANG_WARN_ENUM_CONVERSION = YES;
				CLANG_WARN_INFINITE_RECURSION = YES;
				CLANG_WARN_INT_CONVERSION = YES;
				CLANG_WARN_OBJC_ROOT_CLASS = YES_ERROR;
				CLANG_WARN_SUSPICIOUS_MOVE = YES;
				CLANG_WARN_SUSPICIOUS_MOVES = YES;
				CLANG_WARN_UNREACHABLE_CODE = YES;
				CLANG_WARN__DUPLICATE_METHOD_MATCH = YES;
				"CODE_SIGN_IDENTITY[sdk=iphoneos*]" = "iPhone Developer";
				COPY_PHASE_STRIP = NO;
				DEBUG_INFORMATION_FORMAT = dwarf;
				ENABLE_STRICT_OBJC_MSGSEND = YES;
				ENABLE_TESTABILITY = YES;
				GCC_C_LANGUAGE_STANDARD = gnu99;
				GCC_DYNAMIC_NO_PIC = NO;
				GCC_NO_COMMON_BLOCKS = YES;
				GCC_OPTIMIZATION_LEVEL = 0;
				GCC_PREPROCESSOR_DEFINITIONS = (
					"DEBUG=1",
					"$(inherited)",
				);
				GCC_WARN_64_TO_32_BIT_CONVERSION = YES;
				GCC_WARN_ABOUT_RETURN_TYPE = YES_ERROR;
				GCC_WARN_UNDECLARED_SELECTOR = YES;
				GCC_WARN_UNINITIALIZED_AUTOS = YES_AGGRESSIVE;
				GCC_WARN_UNUSED_FUNCTION = YES;
				GCC_WARN_UNUSED_VARIABLE = YES;
				IPHONEOS_DEPLOYMENT_TARGET = 10.0;
				MTL_ENABLE_DEBUG_INFO = YES;
				ONLY_ACTIVE_ARCH = YES;
				SDKROOT = iphoneos;
				SWIFT_ACTIVE_COMPILATION_CONDITIONS = DEBUG;
				SWIFT_OPTIMIZATION_LEVEL = "-Onone";
				TARGETED_DEVICE_FAMILY = "1,2";
			};
			name = Debug;
		};
		387192A81D6F34B500150559 /* Release */ = {
			isa = XCBuildConfiguration;
			buildSettings = {
				ALWAYS_SEARCH_USER_PATHS = NO;
				CLANG_ANALYZER_NONNULL = YES;
				CLANG_CXX_LANGUAGE_STANDARD = "gnu++0x";
				CLANG_CXX_LIBRARY = "libc++";
				CLANG_ENABLE_MODULES = YES;
				CLANG_ENABLE_OBJC_ARC = YES;
				CLANG_WARN_BOOL_CONVERSION = YES;
				CLANG_WARN_CONSTANT_CONVERSION = YES;
				CLANG_WARN_DIRECT_OBJC_ISA_USAGE = YES_ERROR;
				CLANG_WARN_DOCUMENTATION_COMMENTS = YES;
				CLANG_WARN_EMPTY_BODY = YES;
				CLANG_WARN_ENUM_CONVERSION = YES;
				CLANG_WARN_INFINITE_RECURSION = YES;
				CLANG_WARN_INT_CONVERSION = YES;
				CLANG_WARN_OBJC_ROOT_CLASS = YES_ERROR;
				CLANG_WARN_SUSPICIOUS_MOVE = YES;
				CLANG_WARN_SUSPICIOUS_MOVES = YES;
				CLANG_WARN_UNREACHABLE_CODE = YES;
				CLANG_WARN__DUPLICATE_METHOD_MATCH = YES;
				"CODE_SIGN_IDENTITY[sdk=iphoneos*]" = "iPhone Developer";
				COPY_PHASE_STRIP = NO;
				DEBUG_INFORMATION_FORMAT = "dwarf-with-dsym";
				ENABLE_NS_ASSERTIONS = NO;
				ENABLE_STRICT_OBJC_MSGSEND = YES;
				GCC_C_LANGUAGE_STANDARD = gnu99;
				GCC_NO_COMMON_BLOCKS = YES;
				GCC_WARN_64_TO_32_BIT_CONVERSION = YES;
				GCC_WARN_ABOUT_RETURN_TYPE = YES_ERROR;
				GCC_WARN_UNDECLARED_SELECTOR = YES;
				GCC_WARN_UNINITIALIZED_AUTOS = YES_AGGRESSIVE;
				GCC_WARN_UNUSED_FUNCTION = YES;
				GCC_WARN_UNUSED_VARIABLE = YES;
				IPHONEOS_DEPLOYMENT_TARGET = 10.0;
				MTL_ENABLE_DEBUG_INFO = NO;
				SDKROOT = iphoneos;
				SWIFT_OPTIMIZATION_LEVEL = "-Owholemodule";
				TARGETED_DEVICE_FAMILY = "1,2";
				VALIDATE_PRODUCT = YES;
			};
			name = Release;
		};
		387192AA1D6F34B500150559 /* Debug */ = {
			isa = XCBuildConfiguration;
			buildSettings = {
				ASSETCATALOG_COMPILER_APPICON_NAME = AppIcon;
				DEVELOPMENT_TEAM = BS3PP3JBPG;
				INFOPLIST_FILE = "ios-grafik/Info.plist";
				LD_RUNPATH_SEARCH_PATHS = "$(inherited) @executable_path/Frameworks";
				PRODUCT_BUNDLE_IDENTIFIER = "info.kofler.ios-grafik";
				PRODUCT_NAME = "$(TARGET_NAME)";
				SWIFT_VERSION = 3.0;
			};
			name = Debug;
		};
		387192AB1D6F34B500150559 /* Release */ = {
			isa = XCBuildConfiguration;
			buildSettings = {
				ASSETCATALOG_COMPILER_APPICON_NAME = AppIcon;
				DEVELOPMENT_TEAM = BS3PP3JBPG;
				INFOPLIST_FILE = "ios-grafik/Info.plist";
				LD_RUNPATH_SEARCH_PATHS = "$(inherited) @executable_path/Frameworks";
				PRODUCT_BUNDLE_IDENTIFIER = "info.kofler.ios-grafik";
				PRODUCT_NAME = "$(TARGET_NAME)";
				SWIFT_VERSION = 3.0;
			};
			name = Release;
		};
/* End XCBuildConfiguration section */

/* Begin XCConfigurationList section */
		387192921D6F34B500150559 /* Build configuration list for PBXProject "ios-grafik" */ = {
			isa = XCConfigurationList;
			buildConfigurations = (
				387192A71D6F34B500150559 /* Debug */,
				387192A81D6F34B500150559 /* Release */,
			);
			defaultConfigurationIsVisible = 0;
			defaultConfigurationName = Release;
		};
		387192A91D6F34B500150559 /* Build configuration list for PBXNativeTarget "ios-grafik" */ = {
			isa = XCConfigurationList;
			buildConfigurations = (
				387192AA1D6F34B500150559 /* Debug */,
				387192AB1D6F34B500150559 /* Release */,
			);
			defaultConfigurationIsVisible = 0;
			defaultConfigurationName = Release;
		};
/* End XCConfigurationList section */
	};
	rootObject = 3871928F1D6F34B500150559 /* Project object */;
}
