// !$*UTF8*$!
{
	archiveVersion = 1;
	classes = {
	};
	objectVersion = 46;
	objects = {

/* Begin PBXBuildFile section */
		38413BBD1DACBD660065DE69 /* AppDelegate.swift in Sources */ = {isa = PBXBuildFile; fileRef = 38413BBC1DACBD660065DE69 /* AppDelegate.swift */; };
		38413BBF1DACBD660065DE69 /* ViewController.swift in Sources */ = {isa = PBXBuildFile; fileRef = 38413BBE1DACBD660065DE69 /* ViewController.swift */; };
		38413BC21DACBD660065DE69 /* Main.storyboard in Resources */ = {isa = PBXBuildFile; fileRef = 38413BC01DACBD660065DE69 /* Main.storyboard */; };
		38413BC41DACBD660065DE69 /* Assets.xcassets in Resources */ = {isa = PBXBuildFile; fileRef = 38413BC31DACBD660065DE69 /* Assets.xcassets */; };
		38413BC71DACBD660065DE69 /* LaunchScreen.storyboard in Resources */ = {isa = PBXBuildFile; fileRef = 38413BC51DACBD660065DE69 /* LaunchScreen.storyboard */; };
/* End PBXBuildFile section */

/* Begin PBXFileReference section */
		38413BB91DACBD660065DE69 /* ios-barcode.app */ = {isa = PBXFileReference; explicitFileType = wrapper.application; includeInIndex = 0; path = "ios-barcode.app"; sourceTree = BUILT_PRODUCTS_DIR; };
		38413BBC1DACBD660065DE69 /* AppDelegate.swift */ = {isa = PBXFileReference; lastKnownFileType = sourcecode.swift; path = AppDelegate.swift; sourceTree = "<group>"; };
		38413BBE1DACBD660065DE69 /* ViewController.swift */ = {isa = PBXFileReference; lastKnownFileType = sourcecode.swift; path = ViewController.swift; sourceTree = "<group>"; };
		38413BC11DACBD660065DE69 /* Base */ = {isa = PBXFileReference; lastKnownFileType = file.storyboard; name = Base; path = Base.lproj/Main.storyboard; sourceTree = "<group>"; };
		38413BC31DACBD660065DE69 /* Assets.xcassets */ = {isa = PBXFileReference; lastKnownFileType = folder.assetcatalog; path = Assets.xcassets; sourceTree = "<group>"; };
		38413BC61DACBD660065DE69 /* Base */ = {isa = PBXFileReference; lastKnownFileType = file.storyboard; name = Base; path = Base.lproj/LaunchScreen.storyboard; sourceTree = "<group>"; };
		38413BC81DACBD660065DE69 /* Info.plist */ = {isa = PBXFileReference; lastKnownFileType = text.plist.xml; path = Info.plist; sourceTree = "<group>"; };
/* End PBXFileReference section */

/* Begin PBXFrameworksBuildPhase section */
		38413BB61DACBD660065DE69 /* Frameworks */ = {
			isa = PBXFrameworksBuildPhase;
			buildActionMask = 2147483647;
			files = (
			);
			runOnlyForDeploymentPostprocessing = 0;
		};
/* End PBXFrameworksBuildPhase section */

/* Begin PBXGroup section */
		38413BB01DACBD660065DE69 = {
			isa = PBXGroup;
			children = (
				38413BBB1DACBD660065DE69 /* ios-barcode */,
				38413BBA1DACBD660065DE69 /* Products */,
			);
			sourceTree = "<group>";
		};
		38413BBA1DACBD660065DE69 /* Products */ = {
			isa = PBXGroup;
			children = (
				38413BB91DACBD660065DE69 /* ios-barcode.app */,
			);
			name = Products;
			sourceTree = "<group>";
		};
		38413BBB1DACBD660065DE69 /* ios-barcode */ = {
			isa = PBXGroup;
			children = (
				38413BC01DACBD660065DE69 /* Main.storyboard */,
				38413BBE1DACBD660065DE69 /* ViewController.swift */,
				38413BCE1DACDDCF0065DE69 /* other */,
			);
			path = "ios-barcode";
			sourceTree = "<group>";
		};
		38413BCE1DACDDCF0065DE69 /* other */ = {
			isa = PBXGroup;
			children = (
				38413BC31DACBD660065DE69 /* Assets.xcassets */,
				38413BBC1DACBD660065DE69 /* AppDelegate.swift */,
				38413BC51DACBD660065DE69 /* LaunchScreen.storyboard */,
				38413BC81DACBD660065DE69 /* Info.plist */,
			);
			name = other;
			sourceTree = "<group>";
		};
/* End PBXGroup section */

/* Begin PBXNativeTarget section */
		38413BB81DACBD660065DE69 /* ios-barcode */ = {
			isa = PBXNativeTarget;
			buildConfigurationList = 38413BCB1DACBD660065DE69 /* Build configuration list for PBXNativeTarget "ios-barcode" */;
			buildPhases = (
				38413BB51DACBD660065DE69 /* Sources */,
				38413BB61DACBD660065DE69 /* Frameworks */,
				38413BB71DACBD660065DE69 /* Resources */,
			);
			buildRules = (
			);
			dependencies = (
			);
			name = "ios-barcode";
			productName = "ios-barcode";
			productReference = 38413BB91DACBD660065DE69 /* ios-barcode.app */;
			productType = "com.apple.product-type.application";
		};
/* End PBXNativeTarget section */

/* Begin PBXProject section */
		38413BB11DACBD660065DE69 /* Project object */ = {
			isa = PBXProject;
			attributes = {
				LastSwiftUpdateCheck = 0800;
				LastUpgradeCheck = 0810;
				ORGANIZATIONNAME = "Michael Kofler";
				TargetAttributes = {
					38413BB81DACBD660065DE69 = {
						CreatedOnToolsVersion = 8.0;
						DevelopmentTeam = BS3PP3JBPG;
						ProvisioningStyle = Automatic;
					};
				};
			};
			buildConfigurationList = 38413BB41DACBD660065DE69 /* Build configuration list for PBXProject "ios-barcode" */;
			compatibilityVersion = "Xcode 3.2";
			developmentRegion = English;
			hasScannedForEncodings = 0;
			knownRegions = (
				en,
				Base,
			);
			mainGroup = 38413BB01DACBD660065DE69;
			productRefGroup = 38413BBA1DACBD660065DE69 /* Products */;
			projectDirPath = "";
			projectRoot = "";
			targets = (
				38413BB81DACBD660065DE69 /* ios-barcode */,
			);
		};
/* End PBXProject section */

/* Begin PBXResourcesBuildPhase section */
		38413BB71DACBD660065DE69 /* Resources */ = {
			isa = PBXResourcesBuildPhase;
			buildActionMask = 2147483647;
			files = (
				38413BC71DACBD660065DE69 /* LaunchScreen.storyboard in Resources */,
				38413BC41DACBD660065DE69 /* Assets.xcassets in Resources */,
				38413BC21DACBD660065DE69 /* Main.storyboard in Resources */,
			);
			runOnlyForDeploymentPostprocessing = 0;
		};
/* End PBXResourcesBuildPhase section */

/* Begin PBXSourcesBuildPhase section */
		38413BB51DACBD660065DE69 /* Sources */ = {
			isa = PBXSourcesBuildPhase;
			buildActionMask = 2147483647;
			files = (
				38413BBF1DACBD660065DE69 /* ViewController.swift in Sources */,
				38413BBD1DACBD660065DE69 /* AppDelegate.swift in Sources */,
			);
			runOnlyForDeploymentPostprocessing = 0;
		};
/* End PBXSourcesBuildPhase section */

/* Begin PBXVariantGroup section */
		38413BC01DACBD660065DE69 /* Main.storyboard */ = {
			isa = PBXVariantGroup;
			children = (
				38413BC11DACBD660065DE69 /* Base */,
			);
			name = Main.storyboard;
			sourceTree = "<group>";
		};
		38413BC51DACBD660065DE69 /* LaunchScreen.storyboard */ = {
			isa = PBXVariantGroup;
			children = (
				38413BC61DACBD660065DE69 /* Base */,
			);
			name = LaunchScreen.storyboard;
			sourceTree = "<group>";
		};
/* End PBXVariantGroup section */

/* Begin XCBuildConfiguration section */
		38413BC91DACBD660065DE69 /* Debug */ = {
			isa = XCBuildConfiguration;
			buildSettings = {
				ALWAYS_SEARCH_USER_PATHS = NO;
				CLANG_ANALYZER_NONNULL = YES;
				CLANG_CXX_LANGUAGE_STANDARD = "gnu++0x";
				CLANG_CXX_LIBRARY = "libc++";
				CLANG_ENABLE_MODULES = YES;
				CLANG_ENABLE_OBJC_ARC = YES;
				CLANG_WARN_BOOL_CONVERSION = YES;
				CLANG_WARN_CONSTANT_CONVERSION = YES;
				CLANG_WARN_DIRECT_OBJC_ISA_USAGE = YES_ERROR;
				CLANG_WARN_DOCUMENTATION_COMMENTS = YES;
				CLANG_WARN_EMPTY_BODY = YES;
				CLANG_WARN_ENUM_CONVERSION = YES;
				CLANG_WARN_INFINITE_RECURSION = YES;
				CLANG_WARN_INT_CONVERSION = YES;
				CLANG_WARN_OBJC_ROOT_CLASS = YES_ERROR;
				CLANG_WARN_SUSPICIOUS_MOVE = YES;
				CLANG_WARN_SUSPICIOUS_MOVES = YES;
				CLANG_WARN_UNREACHABLE_CODE = YES;
				CLANG_WARN__DUPLICATE_METHOD_MATCH = YES;
				"CODE_SIGN_IDENTITY[sdk=iphoneos*]" = "iPhone Developer";
				COPY_PHASE_STRIP = NO;
				DEBUG_INFORMATION_FORMAT = dwarf;
				ENABLE_STRICT_OBJC_MSGSEND = YES;
				ENABLE_TESTABILITY = YES;
				GCC_C_LANGUAGE_STANDARD = gnu99;
				GCC_DYNAMIC_NO_PIC = NO;
				GCC_NO_COMMON_BLOCKS = YES;
				GCC_OPTIMIZATION_LEVEL = 0;
				GCC_PREPROCESSOR_DEFINITIONS = (
					"DEBUG=1",
					"$(inherited)",
				);
				GCC_WARN_64_TO_32_BIT_CONVERSION = YES;
				GCC_WARN_ABOUT_RETURN_TYPE = YES_ERROR;
				GCC_WARN_UNDECLARED_SELECTOR = YES;
				GCC_WARN_UNINITIALIZED_AUTOS = YES_AGGRESSIVE;
				GCC_WARN_UNUSED_FUNCTION = YES;
				GCC_WARN_UNUSED_VARIABLE = YES;
				IPHONEOS_DEPLOYMENT_TARGET = 10.0;
				MTL_ENABLE_DEBUG_INFO = YES;
				ONLY_ACTIVE_ARCH = YES;
				SDKROOT = iphoneos;
				SWIFT_ACTIVE_COMPILATION_CONDITIONS = DEBUG;
				SWIFT_OPTIMIZATION_LEVEL = "-Onone";
				TARGETED_DEVICE_FAMILY = "1,2";
			};
			name = Debug;
		};
		38413BCA1DACBD660065DE69 /* Release */ = {
			isa = XCBuildConfiguration;
			buildSettings = {
				ALWAYS_SEARCH_USER_PATHS = NO;
				CLANG_ANALYZER_NONNULL = YES;
				CLANG_CXX_LANGUAGE_STANDARD = "gnu++0x";
				CLANG_CXX_LIBRARY = "libc++";
				CLANG_ENABLE_MODULES = YES;
				CLANG_ENABLE_OBJC_ARC = YES;
				CLANG_WARN_BOOL_CONVERSION = YES;
				CLANG_WARN_CONSTANT_CONVERSION = YES;
				CLANG_WARN_DIRECT_OBJC_ISA_USAGE = YES_ERROR;
				CLANG_WARN_DOCUMENTATION_COMMENTS = YES;
				CLANG_WARN_EMPTY_BODY = YES;
				CLANG_WARN_ENUM_CONVERSION = YES;
				CLANG_WARN_INFINITE_RECURSION = YES;
				CLANG_WARN_INT_CONVERSION = YES;
				CLANG_WARN_OBJC_ROOT_CLASS = YES_ERROR;
				CLANG_WARN_SUSPICIOUS_MOVE = YES;
				CLANG_WARN_SUSPICIOUS_MOVES = YES;
				CLANG_WARN_UNREACHABLE_CODE = YES;
				CLANG_WARN__DUPLICATE_METHOD_MATCH = YES;
				"CODE_SIGN_IDENTITY[sdk=iphoneos*]" = "iPhone Developer";
				COPY_PHASE_STRIP = NO;
				DEBUG_INFORMATION_FORMAT = "dwarf-with-dsym";
				ENABLE_NS_ASSERTIONS = NO;
				ENABLE_STRICT_OBJC_MSGSEND = YES;
				GCC_C_LANGUAGE_STANDARD = gnu99;
				GCC_NO_COMMON_BLOCKS = YES;
				GCC_WARN_64_TO_32_BIT_CONVERSION = YES;
				GCC_WARN_ABOUT_RETURN_TYPE = YES_ERROR;
				GCC_WARN_UNDECLARED_SELECTOR = YES;
				GCC_WARN_UNINITIALIZED_AUTOS = YES_AGGRESSIVE;
				GCC_WARN_UNUSED_FUNCTION = YES;
				GCC_WARN_UNUSED_VARIABLE = YES;
				IPHONEOS_DEPLOYMENT_TARGET = 10.0;
				MTL_ENABLE_DEBUG_INFO = NO;
				SDKROOT = iphoneos;
				SWIFT_OPTIMIZATION_LEVEL = "-Owholemodule";
				TARGETED_DEVICE_FAMILY = "1,2";
				VALIDATE_PRODUCT = YES;
			};
			name = Release;
		};
		38413BCC1DACBD660065DE69 /* Debug */ = {
			isa = XCBuildConfiguration;
			buildSettings = {
				ASSETCATALOG_COMPILER_APPICON_NAME = AppIcon;
				DEVELOPMENT_TEAM = BS3PP3JBPG;
				INFOPLIST_FILE = "ios-barcode/Info.plist";
				IPHONEOS_DEPLOYMENT_TARGET = 10.0;
				LD_RUNPATH_SEARCH_PATHS = "$(inherited) @executable_path/Frameworks";
				PRODUCT_BUNDLE_IDENTIFIER = "info.kofler.ios-barcode";
				PRODUCT_NAME = "$(TARGET_NAME)";
				SWIFT_VERSION = 3.0;
				TARGETED_DEVICE_FAMILY = 1;
			};
			name = Debug;
		};
		38413BCD1DACBD660065DE69 /* Release */ = {
			isa = XCBuildConfiguration;
			buildSettings = {
				ASSETCATALOG_COMPILER_APPICON_NAME = AppIcon;
				DEVELOPMENT_TEAM = BS3PP3JBPG;
				INFOPLIST_FILE = "ios-barcode/Info.plist";
				IPHONEOS_DEPLOYMENT_TARGET = 10.0;
				LD_RUNPATH_SEARCH_PATHS = "$(inherited) @executable_path/Frameworks";
				PRODUCT_BUNDLE_IDENTIFIER = "info.kofler.ios-barcode";
				PRODUCT_NAME = "$(TARGET_NAME)";
				SWIFT_VERSION = 3.0;
				TARGETED_DEVICE_FAMILY = 1;
			};
			name = Release;
		};
/* End XCBuildConfiguration section */

/* Begin XCConfigurationList section */
		38413BB41DACBD660065DE69 /* Build configuration list for PBXProject "ios-barcode" */ = {
			isa = XCConfigurationList;
			buildConfigurations = (
				38413BC91DACBD660065DE69 /* Debug */,
				38413BCA1DACBD660065DE69 /* Release */,
			);
			defaultConfigurationIsVisible = 0;
			defaultConfigurationName = Release;
		};
		38413BCB1DACBD660065DE69 /* Build configuration list for PBXNativeTarget "ios-barcode" */ = {
			isa = XCConfigurationList;
			buildConfigurations = (
				38413BCC1DACBD660065DE69 /* Debug */,
				38413BCD1DACBD660065DE69 /* Release */,
			);
			defaultConfigurationIsVisible = 0;
			defaultConfigurationName = Release;
		};
/* End XCConfigurationList section */
	};
	rootObject = 38413BB11DACBD660065DE69 /* Project object */;
}
